
Microsoft Visual Studio Solution File, Format Version 12.00
# Visual Studio Version 17
VisualStudioVersion = 17.10.34928.147
MinimumVisualStudioVersion = 10.0.40219.1
Project("{FAE04EC0-301F-11D3-BF4B-00C04F79EFBC}") = "Ejemplo_2", "Ejemplo_2\Ejemplo_2.csproj", "{6F60B09D-1D24-4DE3-BB82-17004322A9CF}"
EndProject
Global
	GlobalSection(SolutionConfigurationPlatforms) = preSolution
		Debug|Any CPU = Debug|Any CPU
		Release|Any CPU = Release|Any CPU
	EndGlobalSection
	GlobalSection(ProjectConfigurationPlatforms) = postSolution
		{6F60B09D-1D24-4DE3-BB82-17004322A9CF}.Debug|Any CPU.ActiveCfg = Debug|Any CPU
		{6F60B09D-1D24-4DE3-BB82-17004322A9CF}.Debug|Any CPU.Build.0 = Debug|Any CPU
		{6F60B09D-1D24-4DE3-BB82-17004322A9CF}.Release|Any CPU.ActiveCfg = Release|Any CPU
		{6F60B09D-1D24-4DE3-BB82-17004322A9CF}.Release|Any CPU.Build.0 = Release|Any CPU
	EndGlobalSection
	GlobalSection(SolutionProperties) = preSolution
		HideSolutionNode = FALSE
	EndGlobalSection
	GlobalSection(ExtensibilityGlobals) = postSolution
		SolutionGuid = {5F06CEB5-4C15-463B-A6F2-6BD386BB10EC}
	EndGlobalSection
EndGlobal
